// !$*UTF8*$!
{
	archiveVersion = 1;
	classes = {
	};
	objectVersion = 46;
	objects = {

/* Begin PBXBuildFile section */
		680907171BDA98EB00D08C31 /* aivdm.cpp in Sources */ = {isa = PBXBuildFile; fileRef = 680907151BDA98EB00D08C31 /* aivdm.cpp */; settings = {ASSET_TAGS = (); }; };
		680BA4C51BD5632800B13B1A /* ray.cpp in Sources */ = {isa = PBXBuildFile; fileRef = 680BA4C31BD5632800B13B1A /* ray.cpp */; settings = {ASSET_TAGS = (); }; };
		684221871BBB7C0B0031618D /* main.cpp in Sources */ = {isa = PBXBuildFile; fileRef = 684221861BBB7C0B0031618D /* main.cpp */; };
		6842219F1BBB7C8B0031618D /* libopencv_calib3d.2.4.11.dylib in Frameworks */ = {isa = PBXBuildFile; fileRef = 6842218D1BBB7C8B0031618D /* libopencv_calib3d.2.4.11.dylib */; };
		684221A01BBB7C8B0031618D /* libopencv_contrib.2.4.11.dylib in Frameworks */ = {isa = PBXBuildFile; fileRef = 6842218E1BBB7C8B0031618D /* libopencv_contrib.2.4.11.dylib */; };
		684221A11BBB7C8B0031618D /* libopencv_core.2.4.11.dylib in Frameworks */ = {isa = PBXBuildFile; fileRef = 6842218F1BBB7C8B0031618D /* libopencv_core.2.4.11.dylib */; };
		684221A21BBB7C8B0031618D /* libopencv_features2d.2.4.11.dylib in Frameworks */ = {isa = PBXBuildFile; fileRef = 684221901BBB7C8B0031618D /* libopencv_features2d.2.4.11.dylib */; };
		684221A31BBB7C8B0031618D /* libopencv_flann.2.4.11.dylib in Frameworks */ = {isa = PBXBuildFile; fileRef = 684221911BBB7C8B0031618D /* libopencv_flann.2.4.11.dylib */; };
		684221A41BBB7C8B0031618D /* libopencv_gpu.2.4.11.dylib in Frameworks */ = {isa = PBXBuildFile; fileRef = 684221921BBB7C8B0031618D /* libopencv_gpu.2.4.11.dylib */; };
		684221A51BBB7C8B0031618D /* libopencv_highgui.2.4.11.dylib in Frameworks */ = {isa = PBXBuildFile; fileRef = 684221931BBB7C8B0031618D /* libopencv_highgui.2.4.11.dylib */; };
		684221A61BBB7C8B0031618D /* libopencv_imgproc.2.4.11.dylib in Frameworks */ = {isa = PBXBuildFile; fileRef = 684221941BBB7C8B0031618D /* libopencv_imgproc.2.4.11.dylib */; };
		684221A71BBB7C8B0031618D /* libopencv_legacy.2.4.11.dylib in Frameworks */ = {isa = PBXBuildFile; fileRef = 684221951BBB7C8B0031618D /* libopencv_legacy.2.4.11.dylib */; };
		684221A81BBB7C8B0031618D /* libopencv_ml.2.4.11.dylib in Frameworks */ = {isa = PBXBuildFile; fileRef = 684221961BBB7C8B0031618D /* libopencv_ml.2.4.11.dylib */; };
		684221A91BBB7C8B0031618D /* libopencv_nonfree.2.4.11.dylib in Frameworks */ = {isa = PBXBuildFile; fileRef = 684221971BBB7C8B0031618D /* libopencv_nonfree.2.4.11.dylib */; };
		684221AA1BBB7C8B0031618D /* libopencv_objdetect.2.4.11.dylib in Frameworks */ = {isa = PBXBuildFile; fileRef = 684221981BBB7C8B0031618D /* libopencv_objdetect.2.4.11.dylib */; };
		684221AB1BBB7C8B0031618D /* libopencv_ocl.2.4.11.dylib in Frameworks */ = {isa = PBXBuildFile; fileRef = 684221991BBB7C8B0031618D /* libopencv_ocl.2.4.11.dylib */; };
		684221AC1BBB7C8B0031618D /* libopencv_photo.2.4.11.dylib in Frameworks */ = {isa = PBXBuildFile; fileRef = 6842219A1BBB7C8B0031618D /* libopencv_photo.2.4.11.dylib */; };
		684221AD1BBB7C8B0031618D /* libopencv_stitching.2.4.11.dylib in Frameworks */ = {isa = PBXBuildFile; fileRef = 6842219B1BBB7C8B0031618D /* libopencv_stitching.2.4.11.dylib */; };
		684221AE1BBB7C8B0031618D /* libopencv_superres.2.4.11.dylib in Frameworks */ = {isa = PBXBuildFile; fileRef = 6842219C1BBB7C8B0031618D /* libopencv_superres.2.4.11.dylib */; };
		684221AF1BBB7C8B0031618D /* libopencv_video.2.4.11.dylib in Frameworks */ = {isa = PBXBuildFile; fileRef = 6842219D1BBB7C8B0031618D /* libopencv_video.2.4.11.dylib */; };
		684221B01BBB7C8B0031618D /* libopencv_videostab.2.4.11.dylib in Frameworks */ = {isa = PBXBuildFile; fileRef = 6842219E1BBB7C8B0031618D /* libopencv_videostab.2.4.11.dylib */; };
		684221B21BBB7C970031618D /* OpenGL.framework in Frameworks */ = {isa = PBXBuildFile; fileRef = 684221B11BBB7C970031618D /* OpenGL.framework */; };
		684221B41BBB7C9F0031618D /* GLUT.framework in Frameworks */ = {isa = PBXBuildFile; fileRef = 684221B31BBB7C9F0031618D /* GLUT.framework */; };
		688D804C1BD5FC22007814B4 /* gl.cpp in Sources */ = {isa = PBXBuildFile; fileRef = 688D804A1BD5FC22007814B4 /* gl.cpp */; settings = {ASSET_TAGS = (); }; };
		68F4D9BD1BD10AEB00FB55E2 /* geo.cpp in Sources */ = {isa = PBXBuildFile; fileRef = 68F4D9BB1BD10AEB00FB55E2 /* geo.cpp */; settings = {ASSET_TAGS = (); }; };
/* End PBXBuildFile section */

/* Begin PBXCopyFilesBuildPhase section */
		684221811BBB7C0B0031618D /* CopyFiles */ = {
			isa = PBXCopyFilesBuildPhase;
			buildActionMask = 2147483647;
			dstPath = /usr/share/man/man1/;
			dstSubfolderSpec = 0;
			files = (
			);
			runOnlyForDeploymentPostprocessing = 1;
		};
/* End PBXCopyFilesBuildPhase section */

/* Begin PBXFileReference section */
		680907151BDA98EB00D08C31 /* aivdm.cpp */ = {isa = PBXFileReference; fileEncoding = 4; lastKnownFileType = sourcecode.cpp.cpp; path = aivdm.cpp; sourceTree = "<group>"; };
		680907161BDA98EB00D08C31 /* aivdm.hpp */ = {isa = PBXFileReference; fileEncoding = 4; lastKnownFileType = sourcecode.cpp.h; path = aivdm.hpp; sourceTree = "<group>"; };
		680BA4C31BD5632800B13B1A /* ray.cpp */ = {isa = PBXFileReference; fileEncoding = 4; lastKnownFileType = sourcecode.cpp.cpp; path = ray.cpp; sourceTree = "<group>"; };
		680BA4C41BD5632800B13B1A /* ray.hpp */ = {isa = PBXFileReference; fileEncoding = 4; lastKnownFileType = sourcecode.cpp.h; path = ray.hpp; sourceTree = "<group>"; };
		680BA4C81BD56C2B00B13B1A /* geo.hpp */ = {isa = PBXFileReference; fileEncoding = 4; lastKnownFileType = sourcecode.cpp.h; path = geo.hpp; sourceTree = "<group>"; };
		684221831BBB7C0B0031618D /* opencv_opengl */ = {isa = PBXFileReference; explicitFileType = "compiled.mach-o.executable"; includeInIndex = 0; path = opencv_opengl; sourceTree = BUILT_PRODUCTS_DIR; };
		684221861BBB7C0B0031618D /* main.cpp */ = {isa = PBXFileReference; lastKnownFileType = sourcecode.cpp.cpp; path = main.cpp; sourceTree = "<group>"; };
		6842218D1BBB7C8B0031618D /* libopencv_calib3d.2.4.11.dylib */ = {isa = PBXFileReference; lastKnownFileType = "compiled.mach-o.dylib"; name = libopencv_calib3d.2.4.11.dylib; path = /usr/local/Cellar/opencv/2.4.11_1/lib/libopencv_calib3d.2.4.11.dylib; sourceTree = "<absolute>"; };
		6842218E1BBB7C8B0031618D /* libopencv_contrib.2.4.11.dylib */ = {isa = PBXFileReference; lastKnownFileType = "compiled.mach-o.dylib"; name = libopencv_contrib.2.4.11.dylib; path = /usr/local/Cellar/opencv/2.4.11_1/lib/libopencv_contrib.2.4.11.dylib; sourceTree = "<absolute>"; };
		6842218F1BBB7C8B0031618D /* libopencv_core.2.4.11.dylib */ = {isa = PBXFileReference; lastKnownFileType = "compiled.mach-o.dylib"; name = libopencv_core.2.4.11.dylib; path = /usr/local/Cellar/opencv/2.4.11_1/lib/libopencv_core.2.4.11.dylib; sourceTree = "<absolute>"; };
		684221901BBB7C8B0031618D /* libopencv_features2d.2.4.11.dylib */ = {isa = PBXFileReference; lastKnownFileType = "compiled.mach-o.dylib"; name = libopencv_features2d.2.4.11.dylib; path = /usr/local/Cellar/opencv/2.4.11_1/lib/libopencv_features2d.2.4.11.dylib; sourceTree = "<absolute>"; };
		684221911BBB7C8B0031618D /* libopencv_flann.2.4.11.dylib */ = {isa = PBXFileReference; lastKnownFileType = "compiled.mach-o.dylib"; name = libopencv_flann.2.4.11.dylib; path = /usr/local/Cellar/opencv/2.4.11_1/lib/libopencv_flann.2.4.11.dylib; sourceTree = "<absolute>"; };
		684221921BBB7C8B0031618D /* libopencv_gpu.2.4.11.dylib */ = {isa = PBXFileReference; lastKnownFileType = "compiled.mach-o.dylib"; name = libopencv_gpu.2.4.11.dylib; path = /usr/local/Cellar/opencv/2.4.11_1/lib/libopencv_gpu.2.4.11.dylib; sourceTree = "<absolute>"; };
		684221931BBB7C8B0031618D /* libopencv_highgui.2.4.11.dylib */ = {isa = PBXFileReference; lastKnownFileType = "compiled.mach-o.dylib"; name = libopencv_highgui.2.4.11.dylib; path = /usr/local/Cellar/opencv/2.4.11_1/lib/libopencv_highgui.2.4.11.dylib; sourceTree = "<absolute>"; };
		684221941BBB7C8B0031618D /* libopencv_imgproc.2.4.11.dylib */ = {isa = PBXFileReference; lastKnownFileType = "compiled.mach-o.dylib"; name = libopencv_imgproc.2.4.11.dylib; path = /usr/local/Cellar/opencv/2.4.11_1/lib/libopencv_imgproc.2.4.11.dylib; sourceTree = "<absolute>"; };
		684221951BBB7C8B0031618D /* libopencv_legacy.2.4.11.dylib */ = {isa = PBXFileReference; lastKnownFileType = "compiled.mach-o.dylib"; name = libopencv_legacy.2.4.11.dylib; path = /usr/local/Cellar/opencv/2.4.11_1/lib/libopencv_legacy.2.4.11.dylib; sourceTree = "<absolute>"; };
		684221961BBB7C8B0031618D /* libopencv_ml.2.4.11.dylib */ = {isa = PBXFileReference; lastKnownFileType = "compiled.mach-o.dylib"; name = libopencv_ml.2.4.11.dylib; path = /usr/local/Cellar/opencv/2.4.11_1/lib/libopencv_ml.2.4.11.dylib; sourceTree = "<absolute>"; };
		684221971BBB7C8B0031618D /* libopencv_nonfree.2.4.11.dylib */ = {isa = PBXFileReference; lastKnownFileType = "compiled.mach-o.dylib"; name = libopencv_nonfree.2.4.11.dylib; path = /usr/local/Cellar/opencv/2.4.11_1/lib/libopencv_nonfree.2.4.11.dylib; sourceTree = "<absolute>"; };
		684221981BBB7C8B0031618D /* libopencv_objdetect.2.4.11.dylib */ = {isa = PBXFileReference; lastKnownFileType = "compiled.mach-o.dylib"; name = libopencv_objdetect.2.4.11.dylib; path = /usr/local/Cellar/opencv/2.4.11_1/lib/libopencv_objdetect.2.4.11.dylib; sourceTree = "<absolute>"; };
		684221991BBB7C8B0031618D /* libopencv_ocl.2.4.11.dylib */ = {isa = PBXFileReference; lastKnownFileType = "compiled.mach-o.dylib"; name = libopencv_ocl.2.4.11.dylib; path = /usr/local/Cellar/opencv/2.4.11_1/lib/libopencv_ocl.2.4.11.dylib; sourceTree = "<absolute>"; };
		6842219A1BBB7C8B0031618D /* libopencv_photo.2.4.11.dylib */ = {isa = PBXFileReference; lastKnownFileType = "compiled.mach-o.dylib"; name = libopencv_photo.2.4.11.dylib; path = /usr/local/Cellar/opencv/2.4.11_1/lib/libopencv_photo.2.4.11.dylib; sourceTree = "<absolute>"; };
		6842219B1BBB7C8B0031618D /* libopencv_stitching.2.4.11.dylib */ = {isa = PBXFileReference; lastKnownFileType = "compiled.mach-o.dylib"; name = libopencv_stitching.2.4.11.dylib; path = /usr/local/Cellar/opencv/2.4.11_1/lib/libopencv_stitching.2.4.11.dylib; sourceTree = "<absolute>"; };
		6842219C1BBB7C8B0031618D /* libopencv_superres.2.4.11.dylib */ = {isa = PBXFileReference; lastKnownFileType = "compiled.mach-o.dylib"; name = libopencv_superres.2.4.11.dylib; path = /usr/local/Cellar/opencv/2.4.11_1/lib/libopencv_superres.2.4.11.dylib; sourceTree = "<absolute>"; };
		6842219D1BBB7C8B0031618D /* libopencv_video.2.4.11.dylib */ = {isa = PBXFileReference; lastKnownFileType = "compiled.mach-o.dylib"; name = libopencv_video.2.4.11.dylib; path = /usr/local/Cellar/opencv/2.4.11_1/lib/libopencv_video.2.4.11.dylib; sourceTree = "<absolute>"; };
		6842219E1BBB7C8B0031618D /* libopencv_videostab.2.4.11.dylib */ = {isa = PBXFileReference; lastKnownFileType = "compiled.mach-o.dylib"; name = libopencv_videostab.2.4.11.dylib; path = /usr/local/Cellar/opencv/2.4.11_1/lib/libopencv_videostab.2.4.11.dylib; sourceTree = "<absolute>"; };
		684221B11BBB7C970031618D /* OpenGL.framework */ = {isa = PBXFileReference; lastKnownFileType = wrapper.framework; name = OpenGL.framework; path = System/Library/Frameworks/OpenGL.framework; sourceTree = SDKROOT; };
		684221B31BBB7C9F0031618D /* GLUT.framework */ = {isa = PBXFileReference; lastKnownFileType = wrapper.framework; name = GLUT.framework; path = System/Library/Frameworks/GLUT.framework; sourceTree = SDKROOT; };
		688D804A1BD5FC22007814B4 /* gl.cpp */ = {isa = PBXFileReference; fileEncoding = 4; lastKnownFileType = sourcecode.cpp.cpp; path = gl.cpp; sourceTree = "<group>"; };
		688D804B1BD5FC22007814B4 /* gl.hpp */ = {isa = PBXFileReference; fileEncoding = 4; lastKnownFileType = sourcecode.cpp.h; path = gl.hpp; sourceTree = "<group>"; };
		68F4D9BB1BD10AEB00FB55E2 /* geo.cpp */ = {isa = PBXFileReference; fileEncoding = 4; lastKnownFileType = sourcecode.cpp.cpp; path = geo.cpp; sourceTree = "<group>"; };
/* End PBXFileReference section */

/* Begin PBXFrameworksBuildPhase section */
		684221801BBB7C0B0031618D /* Frameworks */ = {
			isa = PBXFrameworksBuildPhase;
			buildActionMask = 2147483647;
			files = (
				684221B41BBB7C9F0031618D /* GLUT.framework in Frameworks */,
				684221B21BBB7C970031618D /* OpenGL.framework in Frameworks */,
				6842219F1BBB7C8B0031618D /* libopencv_calib3d.2.4.11.dylib in Frameworks */,
				684221A01BBB7C8B0031618D /* libopencv_contrib.2.4.11.dylib in Frameworks */,
				684221A11BBB7C8B0031618D /* libopencv_core.2.4.11.dylib in Frameworks */,
				684221A21BBB7C8B0031618D /* libopencv_features2d.2.4.11.dylib in Frameworks */,
				684221A31BBB7C8B0031618D /* libopencv_flann.2.4.11.dylib in Frameworks */,
				684221A41BBB7C8B0031618D /* libopencv_gpu.2.4.11.dylib in Frameworks */,
				684221A51BBB7C8B0031618D /* libopencv_highgui.2.4.11.dylib in Frameworks */,
				684221A61BBB7C8B0031618D /* libopencv_imgproc.2.4.11.dylib in Frameworks */,
				684221A71BBB7C8B0031618D /* libopencv_legacy.2.4.11.dylib in Frameworks */,
				684221A81BBB7C8B0031618D /* libopencv_ml.2.4.11.dylib in Frameworks */,
				684221A91BBB7C8B0031618D /* libopencv_nonfree.2.4.11.dylib in Frameworks */,
				684221AA1BBB7C8B0031618D /* libopencv_objdetect.2.4.11.dylib in Frameworks */,
				684221AB1BBB7C8B0031618D /* libopencv_ocl.2.4.11.dylib in Frameworks */,
				684221AC1BBB7C8B0031618D /* libopencv_photo.2.4.11.dylib in Frameworks */,
				684221AD1BBB7C8B0031618D /* libopencv_stitching.2.4.11.dylib in Frameworks */,
				684221AE1BBB7C8B0031618D /* libopencv_superres.2.4.11.dylib in Frameworks */,
				684221AF1BBB7C8B0031618D /* libopencv_video.2.4.11.dylib in Frameworks */,
				684221B01BBB7C8B0031618D /* libopencv_videostab.2.4.11.dylib in Frameworks */,
			);
			runOnlyForDeploymentPostprocessing = 0;
		};
/* End PBXFrameworksBuildPhase section */

/* Begin PBXGroup section */
		680BA4C61BD5632D00B13B1A /* ray */ = {
			isa = PBXGroup;
			children = (
				680BA4C31BD5632800B13B1A /* ray.cpp */,
				680BA4C41BD5632800B13B1A /* ray.hpp */,
			);
			name = ray;
			sourceTree = "<group>";
		};
		680DCDE81BD0AC6500A6CCCA /* OpenCV */ = {
			isa = PBXGroup;
			children = (
				6842218D1BBB7C8B0031618D /* libopencv_calib3d.2.4.11.dylib */,
				6842218E1BBB7C8B0031618D /* libopencv_contrib.2.4.11.dylib */,
				6842218F1BBB7C8B0031618D /* libopencv_core.2.4.11.dylib */,
				684221901BBB7C8B0031618D /* libopencv_features2d.2.4.11.dylib */,
				684221911BBB7C8B0031618D /* libopencv_flann.2.4.11.dylib */,
				684221921BBB7C8B0031618D /* libopencv_gpu.2.4.11.dylib */,
				684221931BBB7C8B0031618D /* libopencv_highgui.2.4.11.dylib */,
				684221941BBB7C8B0031618D /* libopencv_imgproc.2.4.11.dylib */,
				684221951BBB7C8B0031618D /* libopencv_legacy.2.4.11.dylib */,
				684221961BBB7C8B0031618D /* libopencv_ml.2.4.11.dylib */,
				684221971BBB7C8B0031618D /* libopencv_nonfree.2.4.11.dylib */,
				684221981BBB7C8B0031618D /* libopencv_objdetect.2.4.11.dylib */,
				684221991BBB7C8B0031618D /* libopencv_ocl.2.4.11.dylib */,
				6842219A1BBB7C8B0031618D /* libopencv_photo.2.4.11.dylib */,
				6842219B1BBB7C8B0031618D /* libopencv_stitching.2.4.11.dylib */,
				6842219C1BBB7C8B0031618D /* libopencv_superres.2.4.11.dylib */,
				6842219D1BBB7C8B0031618D /* libopencv_video.2.4.11.dylib */,
				6842219E1BBB7C8B0031618D /* libopencv_videostab.2.4.11.dylib */,
			);
			name = OpenCV;
			sourceTree = "<group>";
		};
		6830B0521BDA26800045697D /* aivdm */ = {
			isa = PBXGroup;
			children = (
				680907151BDA98EB00D08C31 /* aivdm.cpp */,
				680907161BDA98EB00D08C31 /* aivdm.hpp */,
			);
			name = aivdm;
			sourceTree = "<group>";
		};
		6842217A1BBB7C0B0031618D = {
			isa = PBXGroup;
			children = (
				684221B31BBB7C9F0031618D /* GLUT.framework */,
				684221B11BBB7C970031618D /* OpenGL.framework */,
				680DCDE81BD0AC6500A6CCCA /* OpenCV */,
				684221851BBB7C0B0031618D /* opencv_opengl */,
				684221841BBB7C0B0031618D /* Products */,
			);
			sourceTree = "<group>";
		};
		684221841BBB7C0B0031618D /* Products */ = {
			isa = PBXGroup;
			children = (
				684221831BBB7C0B0031618D /* opencv_opengl */,
			);
			name = Products;
			sourceTree = "<group>";
		};
		684221851BBB7C0B0031618D /* opencv_opengl */ = {
			isa = PBXGroup;
			children = (
				684221861BBB7C0B0031618D /* main.cpp */,
				6830B0521BDA26800045697D /* aivdm */,
				688D804D1BD60F08007814B4 /* gl */,
				680BA4C61BD5632D00B13B1A /* ray */,
				68F4D9BE1BD111C900FB55E2 /* position */,
			);
			path = opencv_opengl;
			sourceTree = "<group>";
		};
		688D804D1BD60F08007814B4 /* gl */ = {
			isa = PBXGroup;
			children = (
				688D804A1BD5FC22007814B4 /* gl.cpp */,
				688D804B1BD5FC22007814B4 /* gl.hpp */,
			);
			name = gl;
			sourceTree = "<group>";
		};
		68F4D9BE1BD111C900FB55E2 /* position */ = {
			isa = PBXGroup;
			children = (
				68F4D9BB1BD10AEB00FB55E2 /* geo.cpp */,
				680BA4C81BD56C2B00B13B1A /* geo.hpp */,
			);
			name = position;
			sourceTree = "<group>";
		};
/* End PBXGroup section */

/* Begin PBXNativeTarget section */
		684221821BBB7C0B0031618D /* opencv_opengl */ = {
			isa = PBXNativeTarget;
			buildConfigurationList = 6842218A1BBB7C0B0031618D /* Build configuration list for PBXNativeTarget "opencv_opengl" */;
			buildPhases = (
				6842217F1BBB7C0B0031618D /* Sources */,
				684221801BBB7C0B0031618D /* Frameworks */,
				684221811BBB7C0B0031618D /* CopyFiles */,
			);
			buildRules = (
			);
			dependencies = (
			);
			name = opencv_opengl;
			productName = opencv_opengl;
			productReference = 684221831BBB7C0B0031618D /* opencv_opengl */;
			productType = "com.apple.product-type.tool";
		};
/* End PBXNativeTarget section */

/* Begin PBXProject section */
		6842217B1BBB7C0B0031618D /* Project object */ = {
			isa = PBXProject;
			attributes = {
				LastUpgradeCheck = 0700;
				ORGANIZATIONNAME = "ZENJU Daisuke";
				TargetAttributes = {
					684221821BBB7C0B0031618D = {
						CreatedOnToolsVersion = 7.0;
					};
				};
			};
			buildConfigurationList = 6842217E1BBB7C0B0031618D /* Build configuration list for PBXProject "opencv_opengl" */;
			compatibilityVersion = "Xcode 3.2";
			developmentRegion = English;
			hasScannedForEncodings = 0;
			knownRegions = (
				en,
			);
			mainGroup = 6842217A1BBB7C0B0031618D;
			productRefGroup = 684221841BBB7C0B0031618D /* Products */;
			projectDirPath = "";
			projectRoot = "";
			targets = (
				684221821BBB7C0B0031618D /* opencv_opengl */,
			);
		};
/* End PBXProject section */

/* Begin PBXSourcesBuildPhase section */
		6842217F1BBB7C0B0031618D /* Sources */ = {
			isa = PBXSourcesBuildPhase;
			buildActionMask = 2147483647;
			files = (
				688D804C1BD5FC22007814B4 /* gl.cpp in Sources */,
				680BA4C51BD5632800B13B1A /* ray.cpp in Sources */,
				68F4D9BD1BD10AEB00FB55E2 /* geo.cpp in Sources */,
				680907171BDA98EB00D08C31 /* aivdm.cpp in Sources */,
				684221871BBB7C0B0031618D /* main.cpp in Sources */,
			);
			runOnlyForDeploymentPostprocessing = 0;
		};
/* End PBXSourcesBuildPhase section */

/* Begin XCBuildConfiguration section */
		684221881BBB7C0B0031618D /* Debug */ = {
			isa = XCBuildConfiguration;
			buildSettings = {
				ALWAYS_SEARCH_USER_PATHS = NO;
				CLANG_CXX_LANGUAGE_STANDARD = "gnu++0x";
				CLANG_CXX_LIBRARY = "libc++";
				CLANG_ENABLE_MODULES = YES;
				CLANG_ENABLE_OBJC_ARC = YES;
				CLANG_WARN_BOOL_CONVERSION = YES;
				CLANG_WARN_CONSTANT_CONVERSION = YES;
				CLANG_WARN_DIRECT_OBJC_ISA_USAGE = YES_ERROR;
				CLANG_WARN_EMPTY_BODY = YES;
				CLANG_WARN_ENUM_CONVERSION = YES;
				CLANG_WARN_INT_CONVERSION = YES;
				CLANG_WARN_OBJC_ROOT_CLASS = YES_ERROR;
				CLANG_WARN_UNREACHABLE_CODE = YES;
				CLANG_WARN__DUPLICATE_METHOD_MATCH = YES;
				COPY_PHASE_STRIP = NO;
				DEBUG_INFORMATION_FORMAT = dwarf;
				ENABLE_STRICT_OBJC_MSGSEND = YES;
				ENABLE_TESTABILITY = YES;
				GCC_C_LANGUAGE_STANDARD = gnu99;
				GCC_DYNAMIC_NO_PIC = NO;
				GCC_NO_COMMON_BLOCKS = YES;
				GCC_OPTIMIZATION_LEVEL = 0;
				GCC_PREPROCESSOR_DEFINITIONS = (
					"DEBUG=1",
					"$(inherited)",
				);
				GCC_WARN_64_TO_32_BIT_CONVERSION = YES;
				GCC_WARN_ABOUT_RETURN_TYPE = YES_ERROR;
				GCC_WARN_UNDECLARED_SELECTOR = YES;
				GCC_WARN_UNINITIALIZED_AUTOS = YES_AGGRESSIVE;
				GCC_WARN_UNUSED_FUNCTION = YES;
				GCC_WARN_UNUSED_VARIABLE = YES;
				MACOSX_DEPLOYMENT_TARGET = 10.10;
				MTL_ENABLE_DEBUG_INFO = YES;
				ONLY_ACTIVE_ARCH = YES;
				SDKROOT = macosx;
			};
			name = Debug;
		};
		684221891BBB7C0B0031618D /* Release */ = {
			isa = XCBuildConfiguration;
			buildSettings = {
				ALWAYS_SEARCH_USER_PATHS = NO;
				CLANG_CXX_LANGUAGE_STANDARD = "gnu++0x";
				CLANG_CXX_LIBRARY = "libc++";
				CLANG_ENABLE_MODULES = YES;
				CLANG_ENABLE_OBJC_ARC = YES;
				CLANG_WARN_BOOL_CONVERSION = YES;
				CLANG_WARN_CONSTANT_CONVERSION = YES;
				CLANG_WARN_DIRECT_OBJC_ISA_USAGE = YES_ERROR;
				CLANG_WARN_EMPTY_BODY = YES;
				CLANG_WARN_ENUM_CONVERSION = YES;
				CLANG_WARN_INT_CONVERSION = YES;
				CLANG_WARN_OBJC_ROOT_CLASS = YES_ERROR;
				CLANG_WARN_UNREACHABLE_CODE = YES;
				CLANG_WARN__DUPLICATE_METHOD_MATCH = YES;
				COPY_PHASE_STRIP = NO;
				DEBUG_INFORMATION_FORMAT = "dwarf-with-dsym";
				ENABLE_NS_ASSERTIONS = NO;
				ENABLE_STRICT_OBJC_MSGSEND = YES;
				GCC_C_LANGUAGE_STANDARD = gnu99;
				GCC_NO_COMMON_BLOCKS = YES;
				GCC_WARN_64_TO_32_BIT_CONVERSION = YES;
				GCC_WARN_ABOUT_RETURN_TYPE = YES_ERROR;
				GCC_WARN_UNDECLARED_SELECTOR = YES;
				GCC_WARN_UNINITIALIZED_AUTOS = YES_AGGRESSIVE;
				GCC_WARN_UNUSED_FUNCTION = YES;
				GCC_WARN_UNUSED_VARIABLE = YES;
				MACOSX_DEPLOYMENT_TARGET = 10.10;
				MTL_ENABLE_DEBUG_INFO = NO;
				SDKROOT = macosx;
			};
			name = Release;
		};
		6842218B1BBB7C0B0031618D /* Debug */ = {
			isa = XCBuildConfiguration;
			buildSettings = {
				HEADER_SEARCH_PATHS = "/usr/local/Cellar/opencv/**";
				LIBRARY_SEARCH_PATHS = (
					usr/local/Cellar/opencv/2.4.11_1/lib,
					/usr/local/Cellar/opencv/2.4.11_1/lib,
				);
				PRODUCT_NAME = "$(TARGET_NAME)";
			};
			name = Debug;
		};
		6842218C1BBB7C0B0031618D /* Release */ = {
			isa = XCBuildConfiguration;
			buildSettings = {
				HEADER_SEARCH_PATHS = "/usr/local/Cellar/opencv/**";
				LIBRARY_SEARCH_PATHS = (
					usr/local/Cellar/opencv/2.4.11_1/lib,
					/usr/local/Cellar/opencv/2.4.11_1/lib,
				);
				PRODUCT_NAME = "$(TARGET_NAME)";
			};
			name = Release;
		};
/* End XCBuildConfiguration section */

/* Begin XCConfigurationList section */
		6842217E1BBB7C0B0031618D /* Build configuration list for PBXProject "opencv_opengl" */ = {
			isa = XCConfigurationList;
			buildConfigurations = (
				684221881BBB7C0B0031618D /* Debug */,
				684221891BBB7C0B0031618D /* Release */,
			);
			defaultConfigurationIsVisible = 0;
			defaultConfigurationName = Release;
		};
		6842218A1BBB7C0B0031618D /* Build configuration list for PBXNativeTarget "opencv_opengl" */ = {
			isa = XCConfigurationList;
			buildConfigurations = (
				6842218B1BBB7C0B0031618D /* Debug */,
				6842218C1BBB7C0B0031618D /* Release */,
			);
			defaultConfigurationIsVisible = 0;
			defaultConfigurationName = Release;
		};
/* End XCConfigurationList section */
	};
	rootObject = 6842217B1BBB7C0B0031618D /* Project object */;
}
